
Microsoft Visual Studio Solution File, Format Version 12.00
# Visual Studio Version 17
VisualStudioVersion = 17.14.36603.0 d17.14
MinimumVisualStudioVersion = 10.0.40219.1
Project("{FAE04EC0-301F-11D3-BF4B-00C04F79EFBC}") = "Ecommerce.Commerce", "Ecommerce.Commerce.csproj", "{A9E212BB-2922-461D-BA7E-B22F51EF3896}"
EndProject
Global
	GlobalSection(SolutionConfigurationPlatforms) = preSolution
		Debug|Any CPU = Debug|Any CPU
		Release|Any CPU = Release|Any CPU
	EndGlobalSection
	GlobalSection(ProjectConfigurationPlatforms) = postSolution
		{A9E212BB-2922-461D-BA7E-B22F51EF3896}.Debug|Any CPU.ActiveCfg = Debug|Any CPU
		{A9E212BB-2922-461D-BA7E-B22F51EF3896}.Debug|Any CPU.Build.0 = Debug|Any CPU
		{A9E212BB-2922-461D-BA7E-B22F51EF3896}.Release|Any CPU.ActiveCfg = Release|Any CPU
		{A9E212BB-2922-461D-BA7E-B22F51EF3896}.Release|Any CPU.Build.0 = Release|Any CPU
	EndGlobalSection
	GlobalSection(SolutionProperties) = preSolution
		HideSolutionNode = FALSE
	EndGlobalSection
	GlobalSection(ExtensibilityGlobals) = postSolution
		SolutionGuid = {4C5761ED-8138-4C5F-B853-495A52F47220}
	EndGlobalSection
EndGlobal
